{
  "pins" : [
    {
      "identity" : "expression",
      "kind" : "remoteSourceControl",
      "location" : "https://github.com/nicklockwood/Expression.git",
      "state" : {
        "revision" : "81e8f21b576ac2cd211ab42a7396fdf7b66f02b4",
        "version" : "0.13.8"
      }
    },
    {
      "identity" : "ezpopup",
      "kind" : "remoteSourceControl",
      "location" : "https://github.com/huynguyencong/EzPopup.git",
      "state" : {
        "revision" : "a8429ff1372cdaa5ba6f2e9daf756b6b489542d0",
        "version" : "1.2.4"
      }
    },
    {
      "identity" : "fittedsheets",
      "kind" : "remoteSourceControl",
      "location" : "https://github.com/gordontucker/FittedSheets.git",
      "state" : {
        "revision" : "5d7f5a6307ad510aa05de5a4a16ac40846d3b2d3",
        "version" : "2.6.1"
      }
    },
    {
      "identity" : "kingfisher",
      "kind" : "remoteSourceControl",
      "location" : "https://github.com/onevcat/Kingfisher.git",
      "state" : {
        "revision" : "5b92f029fab2cce44386d28588098b5be0824ef5",
        "version" : "7.11.0"
      }
    },
    {
      "identity" : "molh",
      "kind" : "remoteSourceControl",
      "location" : "https://github.com/MoathOthman/MOLH.git",
      "state" : {
        "revision" : "c78502b5a5e9d5add901c2c6de546d6b320e7b73",
        "version" : "1.4.3"
      }
    },
    {
      "identity" : "rxswift",
      "kind" : "remoteSourceControl",
      "location" : "https://github.com/ReactiveX/RxSwift.git",
      "state" : {
        "revision" : "9dcaa4b333db437b0fbfaf453fad29069044a8b4",
        "version" : "6.6.0"
      }
    },
    {
      "identity" : "swiftmessages",
      "kind" : "remoteSourceControl",
      "location" : "https://github.com/SwiftKickMobile/SwiftMessages.git",
      "state" : {
        "revision" : "b899be48a61ddb209695a8d5e411189b704a7fa3",
        "version" : "10.0.0"
      }
    }
  ],
  "version" : 2
}
